{"is_source_file": false, "format": "", "description": "", "external_files": [], "external_methods": [], "published": [], "classes": [], "methods": [], "calls": [], "search-terms": [], "state": 2, "file_id": 38, "knowledge_revision": 81, "git_revision": "27203a55c3819022b9135926ca2df110993c0f3f", "hash": "e9b4c3b42cef0193b7fddb548d37e652", "format-version": 4, "code-base-name": "react_frontend", "filename": "react_frontend/post_process_status.lock", "revision_history": [{"81": "27203a55c3819022b9135926ca2df110993c0f3f"}]}